
Microsoft Visual Studio Solution File, Format Version 12.00
# Visual Studio Version 17
VisualStudioVersion = 17.7.34202.233
MinimumVisualStudioVersion = 10.0.40219.1
Project("{FAE04EC0-301F-11D3-BF4B-00C04F79EFBC}") = "Point in Multiverse", "WindowsFormsApp2\Point in Multiverse.csproj", "{28A60626-4B8E-4DEC-BB19-E0D8886B58F9}"
EndProject
Project("{54435603-DBB4-11D2-8724-00A0C9A8B90C}") = "PointInMultiverseSetup", "PointInMultiverseSetup\PointInMultiverseSetup.vdproj", "{68CDEE01-5A2F-4B8D-84E2-9A8E66F5E0D8}"
EndProject
Global
	GlobalSection(SolutionConfigurationPlatforms) = preSolution
		Debug|Any CPU = Debug|Any CPU
		Release|Any CPU = Release|Any CPU
	EndGlobalSection
	GlobalSection(ProjectConfigurationPlatforms) = postSolution
		{28A60626-4B8E-4DEC-BB19-E0D8886B58F9}.Debug|Any CPU.ActiveCfg = Debug|Any CPU
		{28A60626-4B8E-4DEC-BB19-E0D8886B58F9}.Debug|Any CPU.Build.0 = Debug|Any CPU
		{28A60626-4B8E-4DEC-BB19-E0D8886B58F9}.Release|Any CPU.ActiveCfg = Release|Any CPU
		{28A60626-4B8E-4DEC-BB19-E0D8886B58F9}.Release|Any CPU.Build.0 = Release|Any CPU
		{68CDEE01-5A2F-4B8D-84E2-9A8E66F5E0D8}.Debug|Any CPU.ActiveCfg = Debug
		{68CDEE01-5A2F-4B8D-84E2-9A8E66F5E0D8}.Release|Any CPU.ActiveCfg = Release
	EndGlobalSection
	GlobalSection(SolutionProperties) = preSolution
		HideSolutionNode = FALSE
	EndGlobalSection
	GlobalSection(ExtensibilityGlobals) = postSolution
		SolutionGuid = {CA555E0B-6B11-4621-9050-9FD18A0937F7}
	EndGlobalSection
EndGlobal
